
Microsoft Visual Studio Solution File, Format Version 12.00
# Visual Studio Version 16
VisualStudioVersion = 16.0.33214.272
MinimumVisualStudioVersion = 10.0.40219.1
Project("{2150E333-8FDC-42A3-9474-1A3956D46DE8}") = "Services", "Services", "{FB1B5448-B869-4F9E-8483-5CA428DC0311}"
EndProject
Project("{2150E333-8FDC-42A3-9474-1A3956D46DE8}") = "Catalog", "Catalog", "{04FC9E0E-4C3B-403A-BB4B-D8579A3885B9}"
EndProject
Project("{FAE04EC0-301F-11D3-BF4B-00C04F79EFBC}") = "Catalog.API", "Services\Catalog\Catalog.API\Catalog.API.csproj", "{BF3170A8-33F8-4E7B-89D1-1431B9C78918}"
EndProject
Global
	GlobalSection(SolutionConfigurationPlatforms) = preSolution
		Debug|Any CPU = Debug|Any CPU
		Release|Any CPU = Release|Any CPU
	EndGlobalSection
	GlobalSection(ProjectConfigurationPlatforms) = postSolution
		{BF3170A8-33F8-4E7B-89D1-1431B9C78918}.Debug|Any CPU.ActiveCfg = Debug|Any CPU
		{BF3170A8-33F8-4E7B-89D1-1431B9C78918}.Debug|Any CPU.Build.0 = Debug|Any CPU
		{BF3170A8-33F8-4E7B-89D1-1431B9C78918}.Release|Any CPU.ActiveCfg = Release|Any CPU
		{BF3170A8-33F8-4E7B-89D1-1431B9C78918}.Release|Any CPU.Build.0 = Release|Any CPU
	EndGlobalSection
	GlobalSection(SolutionProperties) = preSolution
		HideSolutionNode = FALSE
	EndGlobalSection
	GlobalSection(NestedProjects) = preSolution
		{04FC9E0E-4C3B-403A-BB4B-D8579A3885B9} = {FB1B5448-B869-4F9E-8483-5CA428DC0311}
		{BF3170A8-33F8-4E7B-89D1-1431B9C78918} = {04FC9E0E-4C3B-403A-BB4B-D8579A3885B9}
	EndGlobalSection
	GlobalSection(ExtensibilityGlobals) = postSolution
		SolutionGuid = {A8E0C4A3-29DC-4190-9F1C-9EBCCFF13483}
	EndGlobalSection
EndGlobal
